
Microsoft Visual Studio Solution File, Format Version 12.00
# Visual Studio Version 16
VisualStudioVersion = 16.0.31613.86
MinimumVisualStudioVersion = 10.0.40219.1
Project("{9A19103F-16F7-4668-BE54-9A1E7A4F7556}") = "finstar.api", "finstar.api\finstar.api.csproj", "{86DBDF49-110F-47F1-B17E-4F664CDDB7F1}"
EndProject
Project("{FAE04EC0-301F-11D3-BF4B-00C04F79EFBC}") = "finstar.db", "finstar.db\finstar.db.csproj", "{A0F5FB8B-6CB6-4F2C-B9DF-FC3B738D8377}"
EndProject
Project("{FAE04EC0-301F-11D3-BF4B-00C04F79EFBC}") = "finstar.core", "finstar.core\finstar.core.csproj", "{2D04B680-144D-415E-A020-D3F3A253AD31}"
EndProject
Global
	GlobalSection(SolutionConfigurationPlatforms) = preSolution
		Debug|Any CPU = Debug|Any CPU
		Release|Any CPU = Release|Any CPU
	EndGlobalSection
	GlobalSection(ProjectConfigurationPlatforms) = postSolution
		{86DBDF49-110F-47F1-B17E-4F664CDDB7F1}.Debug|Any CPU.ActiveCfg = Debug|Any CPU
		{86DBDF49-110F-47F1-B17E-4F664CDDB7F1}.Debug|Any CPU.Build.0 = Debug|Any CPU
		{86DBDF49-110F-47F1-B17E-4F664CDDB7F1}.Release|Any CPU.ActiveCfg = Release|Any CPU
		{86DBDF49-110F-47F1-B17E-4F664CDDB7F1}.Release|Any CPU.Build.0 = Release|Any CPU
		{A0F5FB8B-6CB6-4F2C-B9DF-FC3B738D8377}.Debug|Any CPU.ActiveCfg = Debug|Any CPU
		{A0F5FB8B-6CB6-4F2C-B9DF-FC3B738D8377}.Debug|Any CPU.Build.0 = Debug|Any CPU
		{A0F5FB8B-6CB6-4F2C-B9DF-FC3B738D8377}.Release|Any CPU.ActiveCfg = Release|Any CPU
		{A0F5FB8B-6CB6-4F2C-B9DF-FC3B738D8377}.Release|Any CPU.Build.0 = Release|Any CPU
		{2D04B680-144D-415E-A020-D3F3A253AD31}.Debug|Any CPU.ActiveCfg = Debug|Any CPU
		{2D04B680-144D-415E-A020-D3F3A253AD31}.Debug|Any CPU.Build.0 = Debug|Any CPU
		{2D04B680-144D-415E-A020-D3F3A253AD31}.Release|Any CPU.ActiveCfg = Release|Any CPU
		{2D04B680-144D-415E-A020-D3F3A253AD31}.Release|Any CPU.Build.0 = Release|Any CPU
	EndGlobalSection
	GlobalSection(SolutionProperties) = preSolution
		HideSolutionNode = FALSE
	EndGlobalSection
	GlobalSection(ExtensibilityGlobals) = postSolution
		SolutionGuid = {883B68F9-6297-422B-B7DC-39E6160D14BB}
	EndGlobalSection
EndGlobal
